
Microsoft Visual Studio Solution File, Format Version 12.00
# Visual Studio Version 17
VisualStudioVersion = 17.6.33801.468
MinimumVisualStudioVersion = 10.0.40219.1
Project("{FAE04EC0-301F-11D3-BF4B-00C04F79EFBC}") = "Missing Numbers", "Missing Numbers.csproj", "{5D297C6C-D870-49E2-B1CF-946998A4304D}"
EndProject
Global
	GlobalSection(SolutionConfigurationPlatforms) = preSolution
		Debug|Any CPU = Debug|Any CPU
		Release|Any CPU = Release|Any CPU
	EndGlobalSection
	GlobalSection(ProjectConfigurationPlatforms) = postSolution
		{5D297C6C-D870-49E2-B1CF-946998A4304D}.Debug|Any CPU.ActiveCfg = Debug|Any CPU
		{5D297C6C-D870-49E2-B1CF-946998A4304D}.Debug|Any CPU.Build.0 = Debug|Any CPU
		{5D297C6C-D870-49E2-B1CF-946998A4304D}.Release|Any CPU.ActiveCfg = Release|Any CPU
		{5D297C6C-D870-49E2-B1CF-946998A4304D}.Release|Any CPU.Build.0 = Release|Any CPU
	EndGlobalSection
	GlobalSection(SolutionProperties) = preSolution
		HideSolutionNode = FALSE
	EndGlobalSection
	GlobalSection(ExtensibilityGlobals) = postSolution
		SolutionGuid = {459EDF93-2A47-4994-B6AC-4686124C3F19}
	EndGlobalSection
EndGlobal
