
Microsoft Visual Studio Solution File, Format Version 12.00
# Visual Studio Version 17
VisualStudioVersion = 17.6.33801.468
MinimumVisualStudioVersion = 10.0.40219.1
Project("{FAE04EC0-301F-11D3-BF4B-00C04F79EFBC}") = "Sparse Arrays", "Sparse Arrays.csproj", "{0CB9046A-9572-4148-B118-462418CF276A}"
EndProject
Global
	GlobalSection(SolutionConfigurationPlatforms) = preSolution
		Debug|Any CPU = Debug|Any CPU
		Release|Any CPU = Release|Any CPU
	EndGlobalSection
	GlobalSection(ProjectConfigurationPlatforms) = postSolution
		{0CB9046A-9572-4148-B118-462418CF276A}.Debug|Any CPU.ActiveCfg = Debug|Any CPU
		{0CB9046A-9572-4148-B118-462418CF276A}.Debug|Any CPU.Build.0 = Debug|Any CPU
		{0CB9046A-9572-4148-B118-462418CF276A}.Release|Any CPU.ActiveCfg = Release|Any CPU
		{0CB9046A-9572-4148-B118-462418CF276A}.Release|Any CPU.Build.0 = Release|Any CPU
	EndGlobalSection
	GlobalSection(SolutionProperties) = preSolution
		HideSolutionNode = FALSE
	EndGlobalSection
	GlobalSection(ExtensibilityGlobals) = postSolution
		SolutionGuid = {994F2D2D-3538-47A9-A81B-4019F18C0210}
	EndGlobalSection
EndGlobal
