
Microsoft Visual Studio Solution File, Format Version 12.00
# Visual Studio Version 17
VisualStudioVersion = 17.6.33801.468
MinimumVisualStudioVersion = 10.0.40219.1
Project("{FAE04EC0-301F-11D3-BF4B-00C04F79EFBC}") = "Pairs", "Pairs.csproj", "{72100691-E140-41F9-9FC0-9F8DF06FACD7}"
EndProject
Global
	GlobalSection(SolutionConfigurationPlatforms) = preSolution
		Debug|Any CPU = Debug|Any CPU
		Release|Any CPU = Release|Any CPU
	EndGlobalSection
	GlobalSection(ProjectConfigurationPlatforms) = postSolution
		{72100691-E140-41F9-9FC0-9F8DF06FACD7}.Debug|Any CPU.ActiveCfg = Debug|Any CPU
		{72100691-E140-41F9-9FC0-9F8DF06FACD7}.Debug|Any CPU.Build.0 = Debug|Any CPU
		{72100691-E140-41F9-9FC0-9F8DF06FACD7}.Release|Any CPU.ActiveCfg = Release|Any CPU
		{72100691-E140-41F9-9FC0-9F8DF06FACD7}.Release|Any CPU.Build.0 = Release|Any CPU
	EndGlobalSection
	GlobalSection(SolutionProperties) = preSolution
		HideSolutionNode = FALSE
	EndGlobalSection
	GlobalSection(ExtensibilityGlobals) = postSolution
		SolutionGuid = {3CD78E39-8E2D-40A5-BDEE-E58BCC301D65}
	EndGlobalSection
EndGlobal
