
Microsoft Visual Studio Solution File, Format Version 12.00
# Visual Studio Version 17
VisualStudioVersion = 17.6.33801.468
MinimumVisualStudioVersion = 10.0.40219.1
Project("{FAE04EC0-301F-11D3-BF4B-00C04F79EFBC}") = "Extra Long Factorials", "Extra Long Factorials.csproj", "{4DD86C8A-6603-4E58-8170-A7752BCCFC78}"
EndProject
Global
	GlobalSection(SolutionConfigurationPlatforms) = preSolution
		Debug|Any CPU = Debug|Any CPU
		Release|Any CPU = Release|Any CPU
	EndGlobalSection
	GlobalSection(ProjectConfigurationPlatforms) = postSolution
		{4DD86C8A-6603-4E58-8170-A7752BCCFC78}.Debug|Any CPU.ActiveCfg = Debug|Any CPU
		{4DD86C8A-6603-4E58-8170-A7752BCCFC78}.Debug|Any CPU.Build.0 = Debug|Any CPU
		{4DD86C8A-6603-4E58-8170-A7752BCCFC78}.Release|Any CPU.ActiveCfg = Release|Any CPU
		{4DD86C8A-6603-4E58-8170-A7752BCCFC78}.Release|Any CPU.Build.0 = Release|Any CPU
	EndGlobalSection
	GlobalSection(SolutionProperties) = preSolution
		HideSolutionNode = FALSE
	EndGlobalSection
	GlobalSection(ExtensibilityGlobals) = postSolution
		SolutionGuid = {23325F40-B9DA-4C30-90AA-3E108218907E}
	EndGlobalSection
EndGlobal
