
Microsoft Visual Studio Solution File, Format Version 12.00
# Visual Studio Version 17
VisualStudioVersion = 17.6.33801.468
MinimumVisualStudioVersion = 10.0.40219.1
Project("{FAE04EC0-301F-11D3-BF4B-00C04F79EFBC}") = "Sherlock and Array", "Sherlock and Array.csproj", "{D62D55CA-4805-4AF0-808C-168B54C67759}"
EndProject
Global
	GlobalSection(SolutionConfigurationPlatforms) = preSolution
		Debug|Any CPU = Debug|Any CPU
		Release|Any CPU = Release|Any CPU
	EndGlobalSection
	GlobalSection(ProjectConfigurationPlatforms) = postSolution
		{D62D55CA-4805-4AF0-808C-168B54C67759}.Debug|Any CPU.ActiveCfg = Debug|Any CPU
		{D62D55CA-4805-4AF0-808C-168B54C67759}.Debug|Any CPU.Build.0 = Debug|Any CPU
		{D62D55CA-4805-4AF0-808C-168B54C67759}.Release|Any CPU.ActiveCfg = Release|Any CPU
		{D62D55CA-4805-4AF0-808C-168B54C67759}.Release|Any CPU.Build.0 = Release|Any CPU
	EndGlobalSection
	GlobalSection(SolutionProperties) = preSolution
		HideSolutionNode = FALSE
	EndGlobalSection
	GlobalSection(ExtensibilityGlobals) = postSolution
		SolutionGuid = {94355072-CF47-4994-8EA2-07175C6A6B30}
	EndGlobalSection
EndGlobal
