
Microsoft Visual Studio Solution File, Format Version 12.00
# Visual Studio Version 17
VisualStudioVersion = 17.6.33801.468
MinimumVisualStudioVersion = 10.0.40219.1
Project("{FAE04EC0-301F-11D3-BF4B-00C04F79EFBC}") = "Birthday Cake Candles", "Birthday Cake Candles.csproj", "{25AB7459-4D4C-448C-9699-775E3459084A}"
EndProject
Global
	GlobalSection(SolutionConfigurationPlatforms) = preSolution
		Debug|Any CPU = Debug|Any CPU
		Release|Any CPU = Release|Any CPU
	EndGlobalSection
	GlobalSection(ProjectConfigurationPlatforms) = postSolution
		{25AB7459-4D4C-448C-9699-775E3459084A}.Debug|Any CPU.ActiveCfg = Debug|Any CPU
		{25AB7459-4D4C-448C-9699-775E3459084A}.Debug|Any CPU.Build.0 = Debug|Any CPU
		{25AB7459-4D4C-448C-9699-775E3459084A}.Release|Any CPU.ActiveCfg = Release|Any CPU
		{25AB7459-4D4C-448C-9699-775E3459084A}.Release|Any CPU.Build.0 = Release|Any CPU
	EndGlobalSection
	GlobalSection(SolutionProperties) = preSolution
		HideSolutionNode = FALSE
	EndGlobalSection
	GlobalSection(ExtensibilityGlobals) = postSolution
		SolutionGuid = {7A699877-5448-493E-A152-28B248D78F88}
	EndGlobalSection
EndGlobal
