
Microsoft Visual Studio Solution File, Format Version 12.00
# Visual Studio Version 17
VisualStudioVersion = 17.6.33801.468
MinimumVisualStudioVersion = 10.0.40219.1
Project("{FAE04EC0-301F-11D3-BF4B-00C04F79EFBC}") = "String Construction", "String Construction.csproj", "{8AB3ECB7-B9BE-4134-B78B-F591ED526AA6}"
EndProject
Global
	GlobalSection(SolutionConfigurationPlatforms) = preSolution
		Debug|Any CPU = Debug|Any CPU
		Release|Any CPU = Release|Any CPU
	EndGlobalSection
	GlobalSection(ProjectConfigurationPlatforms) = postSolution
		{8AB3ECB7-B9BE-4134-B78B-F591ED526AA6}.Debug|Any CPU.ActiveCfg = Debug|Any CPU
		{8AB3ECB7-B9BE-4134-B78B-F591ED526AA6}.Debug|Any CPU.Build.0 = Debug|Any CPU
		{8AB3ECB7-B9BE-4134-B78B-F591ED526AA6}.Release|Any CPU.ActiveCfg = Release|Any CPU
		{8AB3ECB7-B9BE-4134-B78B-F591ED526AA6}.Release|Any CPU.Build.0 = Release|Any CPU
	EndGlobalSection
	GlobalSection(SolutionProperties) = preSolution
		HideSolutionNode = FALSE
	EndGlobalSection
	GlobalSection(ExtensibilityGlobals) = postSolution
		SolutionGuid = {6A0E6D51-B382-4F0C-A927-C6E7F7485307}
	EndGlobalSection
EndGlobal
