
Microsoft Visual Studio Solution File, Format Version 12.00
# Visual Studio Version 17
VisualStudioVersion = 17.6.33801.468
MinimumVisualStudioVersion = 10.0.40219.1
Project("{FAE04EC0-301F-11D3-BF4B-00C04F79EFBC}") = "sherlock and Valid string", "sherlock and Valid string.csproj", "{4E547222-D5D6-4477-B392-17EAA6F763ED}"
EndProject
Global
	GlobalSection(SolutionConfigurationPlatforms) = preSolution
		Debug|Any CPU = Debug|Any CPU
		Release|Any CPU = Release|Any CPU
	EndGlobalSection
	GlobalSection(ProjectConfigurationPlatforms) = postSolution
		{4E547222-D5D6-4477-B392-17EAA6F763ED}.Debug|Any CPU.ActiveCfg = Debug|Any CPU
		{4E547222-D5D6-4477-B392-17EAA6F763ED}.Debug|Any CPU.Build.0 = Debug|Any CPU
		{4E547222-D5D6-4477-B392-17EAA6F763ED}.Release|Any CPU.ActiveCfg = Release|Any CPU
		{4E547222-D5D6-4477-B392-17EAA6F763ED}.Release|Any CPU.Build.0 = Release|Any CPU
	EndGlobalSection
	GlobalSection(SolutionProperties) = preSolution
		HideSolutionNode = FALSE
	EndGlobalSection
	GlobalSection(ExtensibilityGlobals) = postSolution
		SolutionGuid = {38F65F3E-DDED-4E89-8CBF-EADF4E1D5D6F}
	EndGlobalSection
EndGlobal
